
Microsoft Visual Studio Solution File, Format Version 12.00
# Visual Studio Version 17
VisualStudioVersion = 17.0.31903.59
MinimumVisualStudioVersion = 10.0.40219.1
Project("{FAE04EC0-301F-11D3-BF4B-00C04F79EFBC}") = "PasswordValidator", "PasswordValidator\PasswordValidator.csproj", "{557D0483-A9FC-4457-82A0-032A76FDE8D1}"
EndProject
Project("{FAE04EC0-301F-11D3-BF4B-00C04F79EFBC}") = "PasswordValidator.Tests", "PasswordValidator.Tests\PasswordValidator.Tests.csproj", "{ADE97B46-4D40-4996-B92D-B4F670E32779}"
EndProject
Global
	GlobalSection(SolutionConfigurationPlatforms) = preSolution
		Debug|Any CPU = Debug|Any CPU
		Release|Any CPU = Release|Any CPU
	EndGlobalSection
	GlobalSection(SolutionProperties) = preSolution
		HideSolutionNode = FALSE
	EndGlobalSection
	GlobalSection(ProjectConfigurationPlatforms) = postSolution
		{557D0483-A9FC-4457-82A0-032A76FDE8D1}.Debug|Any CPU.ActiveCfg = Debug|Any CPU
		{557D0483-A9FC-4457-82A0-032A76FDE8D1}.Debug|Any CPU.Build.0 = Debug|Any CPU
		{557D0483-A9FC-4457-82A0-032A76FDE8D1}.Release|Any CPU.ActiveCfg = Release|Any CPU
		{557D0483-A9FC-4457-82A0-032A76FDE8D1}.Release|Any CPU.Build.0 = Release|Any CPU
		{ADE97B46-4D40-4996-B92D-B4F670E32779}.Debug|Any CPU.ActiveCfg = Debug|Any CPU
		{ADE97B46-4D40-4996-B92D-B4F670E32779}.Debug|Any CPU.Build.0 = Debug|Any CPU
		{ADE97B46-4D40-4996-B92D-B4F670E32779}.Release|Any CPU.ActiveCfg = Release|Any CPU
		{ADE97B46-4D40-4996-B92D-B4F670E32779}.Release|Any CPU.Build.0 = Release|Any CPU
	EndGlobalSection
EndGlobal
