
Microsoft Visual Studio Solution File, Format Version 12.00
# Visual Studio Version 17
VisualStudioVersion = 17.0.31903.59
MinimumVisualStudioVersion = 10.0.40219.1
Project("{FAE04EC0-301F-11D3-BF4B-00C04F79EFBC}") = "MemoryCache", "MemoryCache\MemoryCache.csproj", "{8E1FFD06-A901-4172-AA45-BF43CF81158E}"
EndProject
Project("{FAE04EC0-301F-11D3-BF4B-00C04F79EFBC}") = "MemoryCache.Tests", "MemoryCache.Tests\MemoryCache.Tests.csproj", "{B72809D1-63A3-463F-A162-64185FBF240C}"
EndProject
Global
	GlobalSection(SolutionConfigurationPlatforms) = preSolution
		Debug|Any CPU = Debug|Any CPU
		Release|Any CPU = Release|Any CPU
	EndGlobalSection
	GlobalSection(SolutionProperties) = preSolution
		HideSolutionNode = FALSE
	EndGlobalSection
	GlobalSection(ProjectConfigurationPlatforms) = postSolution
		{8E1FFD06-A901-4172-AA45-BF43CF81158E}.Debug|Any CPU.ActiveCfg = Debug|Any CPU
		{8E1FFD06-A901-4172-AA45-BF43CF81158E}.Debug|Any CPU.Build.0 = Debug|Any CPU
		{8E1FFD06-A901-4172-AA45-BF43CF81158E}.Release|Any CPU.ActiveCfg = Release|Any CPU
		{8E1FFD06-A901-4172-AA45-BF43CF81158E}.Release|Any CPU.Build.0 = Release|Any CPU
		{B72809D1-63A3-463F-A162-64185FBF240C}.Debug|Any CPU.ActiveCfg = Debug|Any CPU
		{B72809D1-63A3-463F-A162-64185FBF240C}.Debug|Any CPU.Build.0 = Debug|Any CPU
		{B72809D1-63A3-463F-A162-64185FBF240C}.Release|Any CPU.ActiveCfg = Release|Any CPU
		{B72809D1-63A3-463F-A162-64185FBF240C}.Release|Any CPU.Build.0 = Release|Any CPU
	EndGlobalSection
EndGlobal
